
Microsoft Visual Studio Solution File, Format Version 12.00
# Visual Studio Version 17
VisualStudioVersion = 17.9.34701.34
MinimumVisualStudioVersion = 10.0.40219.1
Project("{FAE04EC0-301F-11D3-BF4B-00C04F79EFBC}") = "voice-controlled-music-auditor", "voice-controlled-music-auditor.csproj", "{099349E6-BEDD-4F54-9FDC-025C088FA3A0}"
EndProject
Global
	GlobalSection(SolutionConfigurationPlatforms) = preSolution
		Debug|Any CPU = Debug|Any CPU
		Release|Any CPU = Release|Any CPU
	EndGlobalSection
	GlobalSection(ProjectConfigurationPlatforms) = postSolution
		{099349E6-BEDD-4F54-9FDC-025C088FA3A0}.Debug|Any CPU.ActiveCfg = Debug|Any CPU
		{099349E6-BEDD-4F54-9FDC-025C088FA3A0}.Debug|Any CPU.Build.0 = Debug|Any CPU
		{099349E6-BEDD-4F54-9FDC-025C088FA3A0}.Release|Any CPU.ActiveCfg = Release|Any CPU
		{099349E6-BEDD-4F54-9FDC-025C088FA3A0}.Release|Any CPU.Build.0 = Release|Any CPU
	EndGlobalSection
	GlobalSection(SolutionProperties) = preSolution
		HideSolutionNode = FALSE
	EndGlobalSection
	GlobalSection(ExtensibilityGlobals) = postSolution
		SolutionGuid = {EA4BDE5B-42E6-49C1-9FA7-325D24D83088}
	EndGlobalSection
EndGlobal
